
Microsoft Visual Studio Solution File, Format Version 12.00
# Visual Studio Version 16
VisualStudioVersion = 16.0.31729.503
MinimumVisualStudioVersion = 10.0.40219.1
Project("{FAE04EC0-301F-11D3-BF4B-00C04F79EFBC}") = "Climbing Stairs", "Climbing Stairs\Climbing Stairs.csproj", "{D1A79918-5A32-4220-A79E-A6EDE7FD2C55}"
EndProject
Global
	GlobalSection(SolutionConfigurationPlatforms) = preSolution
		Debug|Any CPU = Debug|Any CPU
		Release|Any CPU = Release|Any CPU
	EndGlobalSection
	GlobalSection(ProjectConfigurationPlatforms) = postSolution
		{D1A79918-5A32-4220-A79E-A6EDE7FD2C55}.Debug|Any CPU.ActiveCfg = Debug|Any CPU
		{D1A79918-5A32-4220-A79E-A6EDE7FD2C55}.Debug|Any CPU.Build.0 = Debug|Any CPU
		{D1A79918-5A32-4220-A79E-A6EDE7FD2C55}.Release|Any CPU.ActiveCfg = Release|Any CPU
		{D1A79918-5A32-4220-A79E-A6EDE7FD2C55}.Release|Any CPU.Build.0 = Release|Any CPU
	EndGlobalSection
	GlobalSection(SolutionProperties) = preSolution
		HideSolutionNode = FALSE
	EndGlobalSection
	GlobalSection(ExtensibilityGlobals) = postSolution
		SolutionGuid = {8DF357EA-25D1-473F-94E5-17D5653F54C8}
	EndGlobalSection
EndGlobal
